<?xml version="1.0" encoding="utf-8"?>
<Project ToolsVersion="4.0" xmlns="http://schemas.microsoft.com/developer/msbuild/2003">
  <ItemGroup>
    <Filter Include="Source Files">
      <UniqueIdentifier>{4FC737F1-C7A5-4376-A066-2A32D752A2FF}</UniqueIdentifier>
      <Extensions>cpp;c;cc;cxx;def;odl;idl;hpj;bat;asm;asmx</Extensions>
    </Filter>
    <Filter Include="Header Files">
      <UniqueIdentifier>{93995380-89BD-4b04-88EB-625FBE52EBFB}</UniqueIdentifier>
      <Extensions>h;hh;hpp;hxx;hm;inl;inc;xsd</Extensions>
    </Filter>
    <Filter Include="Resource Files">
      <UniqueIdentifier>{67DA6AB6-F800-4c08-8B7A-83BB121AAD01}</UniqueIdentifier>
      <Extensions>rc;ico;cur;bmp;dlg;rc2;rct;bin;rgs;gif;jpg;jpeg;jpe;resx;tiff;tif;png;wav;mfcribbon-ms</Extensions>
    </Filter>
  </ItemGroup>
  <ItemGroup>
    <ClCompile Include="csgo-hacks\DLLMain.cpp">
      <Filter>Source Files</Filter>
    </ClCompile>
    <ClCompile Include="csgo-hacks\Hooks.cpp">
      <Filter>Source Files</Filter>
    </ClCompile>
    <ClCompile Include="csgo-hacks\Menu.cpp">
      <Filter>Source Files</Filter>
    </ClCompile>
    <ClCompile Include="csgo-hacks\Settings.cpp">
      <Filter>Source Files</Filter>
    </ClCompile>
    <ClCompile Include="csgo-hacks\cui\GUI.cpp">
      <Filter>Source Files</Filter>
    </ClCompile>
    <ClCompile Include="csgo-hacks\hacks\EnginePrediction.cpp">
      <Filter>Source Files</Filter>
    </ClCompile>
    <ClCompile Include="csgo-hacks\hacks\ESP.cpp">
      <Filter>Source Files</Filter>
    </ClCompile>
    <ClCompile Include="csgo-hacks\c-utils\D3DFont.cpp">
      <Filter>Source Files</Filter>
    </ClCompile>
    <ClCompile Include="csgo-hacks\c-utils\DrawManager.cpp">
      <Filter>Source Files</Filter>
    </ClCompile>
    <ClCompile Include="csgo-hacks\c-utils\GlobalVars.cpp">
      <Filter>Source Files</Filter>
    </ClCompile>
    <ClCompile Include="csgo-hacks\c-utils\Interfaces.cpp">
      <Filter>Source Files</Filter>
    </ClCompile>
    <ClCompile Include="csgo-hacks\c-utils\NetvarManager.cpp">
      <Filter>Source Files</Filter>
    </ClCompile>
  </ItemGroup>
  <ItemGroup>
    <ClInclude Include="Antario\Menu.h">
      <Filter>Header Files</Filter>
    </ClInclude>
    <ClInclude Include="csgo-hacks\EventListener.h">
      <Filter>Header Files</Filter>
    </ClInclude>
    <ClInclude Include="csgo-hacks\Hooks.h">
      <Filter>Header Files</Filter>
    </ClInclude>
    <ClInclude Include="csgo-hacks\Settings.h">
      <Filter>Header Files</Filter>
    </ClInclude>
    <ClInclude Include="csgo-hacks\cui\GUI.h">
      <Filter>Header Files</Filter>
    </ClInclude>
    <ClInclude Include="csgo-hacks\hacks\EnginePrediction.h">
      <Filter>Header Files</Filter>
    </ClInclude>
    <ClInclude Include="csgo-hacks\hacks\ESP.h">
      <Filter>Header Files</Filter>
    </ClInclude>
    <ClInclude Include="csgo-hacks\hacks\Features.h">
      <Filter>Header Files</Filter>
    </ClInclude>
    <ClInclude Include="csgo-hacks\hacks\Misc.h">
      <Filter>Header Files</Filter>
    </ClInclude>
    <ClInclude Include="csgo-hacks\c-sdk\CEntity.h">
      <Filter>Header Files</Filter>
    </ClInclude>
    <ClInclude Include="csgo-hacks\c-sdk\CGlobalVarsBase.h">
      <Filter>Header Files</Filter>
    </ClInclude>
    <ClInclude Include="csgo-hacks\c-sdk\CHandle.h">
      <Filter>Header Files</Filter>
    </ClInclude>
    <ClInclude Include="csgo-hacks\c-sdk\CInput.h">
      <Filter>Header Files</Filter>
    </ClInclude>
    <ClInclude Include="csgo-hacks\c-sdk\ClientClass.h">
      <Filter>Header Files</Filter>
    </ClInclude>
    <ClInclude Include="csgo-hacks\c-sdk\CPrediction.h">
      <Filter>Header Files</Filter>
    </ClInclude>
    <ClInclude Include="csgo-hacks\c-sdk\Definitions.h">
      <Filter>Header Files</Filter>
    </ClInclude>
    <ClInclude Include="csgo-hacks\c-sdk\IBaseClientDll.h">
      <Filter>Header Files</Filter>
    </ClInclude>
    <ClInclude Include="csgo-hacks\c-sdk\IClientEntity.h">
      <Filter>Header Files</Filter>
    </ClInclude>
    <ClInclude Include="csgo-hacks\c-sdk\IClientEntityList.h">
      <Filter>Header Files</Filter>
    </ClInclude>
    <ClInclude Include="csgo-hacks\c-sdk\IClientMode.h">
      <Filter>Header Files</Filter>
    </ClInclude>
    <ClInclude Include="csgo-hacks\c-sdk\IClientNetworkable.h">
      <Filter>Header Files</Filter>
    </ClInclude>
    <ClInclude Include="csgo-hacks\c-sdk\IClientRenderable.h">
      <Filter>Header Files</Filter>
    </ClInclude>
    <ClInclude Include="csgo-hacks\c-sdk\IClientThinkable.h">
      <Filter>Header Files</Filter>
    </ClInclude>
    <ClInclude Include="csgo-hacks\c-sdk\IClientUnknown.h">
      <Filter>Header Files</Filter>
    </ClInclude>
    <ClInclude Include="csgo-hacks\c-sdk\IGameEvent.h">
      <Filter>Header Files</Filter>
    </ClInclude>
    <ClInclude Include="csgo-hacks\c-sdk\IVEngineClient.h">
      <Filter>Header Files</Filter>
    </ClInclude>
    <ClInclude Include="csgo-hacks\c-sdk\KeyValues.h">
      <Filter>Header Files</Filter>
    </ClInclude>
    <ClInclude Include="csgo-hacks\c-sdk\PlayerInfo.h">
      <Filter>Header Files</Filter>
    </ClInclude>
    <ClInclude Include="csgo-hacks\c-sdk\Recv.h">
      <Filter>Header Files</Filter>
    </ClInclude>
    <ClInclude Include="csgo-hacks\c-sdk\Vector.h">
      <Filter>Header Files</Filter>
    </ClInclude>
    <ClInclude Include="csgo-hacks\c-sdk\VMatrix.h">
      <Filter>Header Files</Filter>
    </ClInclude>
    <ClInclude Include="csgo-hacks\c-utils\Color.h">
      <Filter>Header Files</Filter>
    </ClInclude>
    <ClInclude Include="csgo-hacks\c-utils\D3DFont.h">
      <Filter>Header Files</Filter>
    </ClInclude>
    <ClInclude Include="csgo-hacks\c-utils\DrawManager.h">
      <Filter>Header Files</Filter>
    </ClInclude>
    <ClInclude Include="csgo-hacks\c-utils\GlobalVars.h">
      <Filter>Header Files</Filter>
    </ClInclude>
    <ClInclude Include="csgo-hacks\c-utils\Interfaces.h">
      <Filter>Header Files</Filter>
    </ClInclude>
    <ClInclude Include="csgo-hacks\c-utils\NetvarManager.h">
      <Filter>Header Files</Filter>
    </ClInclude>
    <ClInclude Include="csgo-hacks\c-utils\SPoint.h">
      <Filter>Header Files</Filter>
    </ClInclude>
    <ClInclude Include="csgo-hacks\c-utils\SRect.h">
      <Filter>Header Files</Filter>
    </ClInclude>
    <ClInclude Include="csgo-hacks\c-utils\Utils.h">
      <Filter>Header Files</Filter>
    </ClInclude>
  </ItemGroup>
</Project>